# THIS IS AN AUTOGENERATED FILE. DO NOT EDIT THIS FILE DIRECTLY.
# yarn lockfile v1


"@types/estree@0.0.39":
  version "0.0.39"
  resolved "https://registry.yarnpkg.com/@types/estree/-/estree-0.0.39.tgz#e177e699ee1b8c22d23174caaa7422644389509f"

"@types/node@*":
  version "10.5.5"
  resolved "https://registry.yarnpkg.com/@types/node/-/node-10.5.5.tgz#8e84d24e896cd77b0d4f73df274027e3149ec2ba"

commander@~2.9.0:
  version "2.9.0"
  resolved "https://registry.yarnpkg.com/commander/-/commander-2.9.0.tgz#9c99094176e12240cb22d6c5146098400fe0f7d4"
  dependencies:
    graceful-readlink ">= 1.0.0"

"graceful-readlink@>= 1.0.0":
  version "1.0.1"
  resolved "https://registry.yarnpkg.com/graceful-readlink/-/graceful-readlink-1.0.1.tgz#4cafad76bc62f02fa039b2f94e9a3dd3a391a725"

rollup-plugin-uglify-es@^0.0.1:
  version "0.0.1"
  resolved "https://registry.yarnpkg.com/rollup-plugin-uglify-es/-/rollup-plugin-uglify-es-0.0.1.tgz#e45644f2b685a59abdb9363407207a03a7b5a9b7"
  dependencies:
    uglify-es "3.0.3"

rollup@^0.63.5:
  version "0.63.5"
  resolved "https://registry.yarnpkg.com/rollup/-/rollup-0.63.5.tgz#5543eecac9a1b83b7e1be598b5be84c9c0a089db"
  dependencies:
    "@types/estree" "0.0.39"
    "@types/node" "*"

source-map@~0.5.1:
  version "0.5.7"
  resolved "https://registry.yarnpkg.com/source-map/-/source-map-0.5.7.tgz#8a039d2d1021d22d1ea14c80d8ea468ba2ef3fcc"

uglify-es@3.0.3:
  version "3.0.3"
  resolved "https://registry.yarnpkg.com/uglify-es/-/uglify-es-3.0.3.tgz#63cc84aa9468b34973a4887787c64c01a8a87576"
  dependencies:
    commander "~2.9.0"
    source-map "~0.5.1"
  optionalDependencies:
    uglify-to-browserify "~1.0.0"

uglify-to-browserify@~1.0.0:
  version "1.0.2"
  resolved "https://registry.yarnpkg.com/uglify-to-browserify/-/uglify-to-browserify-1.0.2.tgz#6e0924d6bda6b5afe349e39a6d632850a0f882b7"
