# THIS IS AN AUTOGENERATED FILE. DO NOT EDIT THIS FILE DIRECTLY.
# yarn lockfile v1


"@babel/code-frame@^7.0.0":
  version "7.0.0"
  resolved "https://registry.yarnpkg.com/@babel/code-frame/-/code-frame-7.0.0.tgz#06e2ab19bdb535385559aabb5ba59729482800f8"
  integrity sha512-OfC2uemaknXr87bdLUkWog7nYuliM9Ij5HUcajsVcMCpQrcLmtxRbVFTIqmcSkSeYRBFBRxs2FiUqFJDLdiebA==
  dependencies:
    "@babel/highlight" "^7.0.0"

"@babel/core@^7.0.0":
  version "7.2.0"
  resolved "https://registry.yarnpkg.com/@babel/core/-/core-7.2.0.tgz#a4dd3814901998e93340f0086e9867fefa163ada"
  integrity sha512-7pvAdC4B+iKjFFp9Ztj0QgBndJ++qaMeonT185wAqUnhipw8idm9Rv1UMyBuKtYjfl6ORNkgEgcsYLfHX/GpLw==
  dependencies:
    "@babel/code-frame" "^7.0.0"
    "@babel/generator" "^7.2.0"
    "@babel/helpers" "^7.2.0"
    "@babel/parser" "^7.2.0"
    "@babel/template" "^7.1.2"
    "@babel/traverse" "^7.1.6"
    "@babel/types" "^7.2.0"
    convert-source-map "^1.1.0"
    debug "^4.1.0"
    json5 "^2.1.0"
    lodash "^4.17.10"
    resolve "^1.3.2"
    semver "^5.4.1"
    source-map "^0.5.0"

"@babel/generator@^7.1.6", "@babel/generator@^7.2.0":
  version "7.2.0"
  resolved "https://registry.yarnpkg.com/@babel/generator/-/generator-7.2.0.tgz#eaf3821fa0301d9d4aef88e63d4bcc19b73ba16c"
  integrity sha512-BA75MVfRlFQG2EZgFYIwyT1r6xSkwfP2bdkY/kLZusEYWiJs4xCowab/alaEaT0wSvmVuXGqiefeBlP+7V1yKg==
  dependencies:
    "@babel/types" "^7.2.0"
    jsesc "^2.5.1"
    lodash "^4.17.10"
    source-map "^0.5.0"
    trim-right "^1.0.1"

"@babel/helper-function-name@^7.1.0":
  version "7.1.0"
  resolved "https://registry.yarnpkg.com/@babel/helper-function-name/-/helper-function-name-7.1.0.tgz#a0ceb01685f73355d4360c1247f582bfafc8ff53"
  integrity sha512-A95XEoCpb3TO+KZzJ4S/5uW5fNe26DjBGqf1o9ucyLyCmi1dXq/B3c8iaWTfBk3VvetUxl16e8tIrd5teOCfGw==
  dependencies:
    "@babel/helper-get-function-arity" "^7.0.0"
    "@babel/template" "^7.1.0"
    "@babel/types" "^7.0.0"

"@babel/helper-get-function-arity@^7.0.0":
  version "7.0.0"
  resolved "https://registry.yarnpkg.com/@babel/helper-get-function-arity/-/helper-get-function-arity-7.0.0.tgz#83572d4320e2a4657263734113c42868b64e49c3"
  integrity sha512-r2DbJeg4svYvt3HOS74U4eWKsUAMRH01Z1ds1zx8KNTPtpTL5JAsdFv8BNyOpVqdFhHkkRDIg5B4AsxmkjAlmQ==
  dependencies:
    "@babel/types" "^7.0.0"

"@babel/helper-split-export-declaration@^7.0.0":
  version "7.0.0"
  resolved "https://registry.yarnpkg.com/@babel/helper-split-export-declaration/-/helper-split-export-declaration-7.0.0.tgz#3aae285c0311c2ab095d997b8c9a94cad547d813"
  integrity sha512-MXkOJqva62dfC0w85mEf/LucPPS/1+04nmmRMPEBUB++hiiThQ2zPtX/mEWQ3mtzCEjIJvPY8nuwxXtQeQwUag==
  dependencies:
    "@babel/types" "^7.0.0"

"@babel/helpers@^7.2.0":
  version "7.2.0"
  resolved "https://registry.yarnpkg.com/@babel/helpers/-/helpers-7.2.0.tgz#8335f3140f3144270dc63c4732a4f8b0a50b7a21"
  integrity sha512-Fr07N+ea0dMcMN8nFpuK6dUIT7/ivt9yKQdEEnjVS83tG2pHwPi03gYmk/tyuwONnZ+sY+GFFPlWGgCtW1hF9A==
  dependencies:
    "@babel/template" "^7.1.2"
    "@babel/traverse" "^7.1.5"
    "@babel/types" "^7.2.0"

"@babel/highlight@^7.0.0":
  version "7.0.0"
  resolved "https://registry.yarnpkg.com/@babel/highlight/-/highlight-7.0.0.tgz#f710c38c8d458e6dd9a201afb637fcb781ce99e4"
  integrity sha512-UFMC4ZeFC48Tpvj7C8UgLvtkaUuovQX+5xNWrsIoMG8o2z+XFKjKaN9iVmS84dPwVN00W4wPmqvYoZF3EGAsfw==
  dependencies:
    chalk "^2.0.0"
    esutils "^2.0.2"
    js-tokens "^4.0.0"

"@babel/parser@^7.1.2", "@babel/parser@^7.1.6", "@babel/parser@^7.2.0":
  version "7.2.0"
  resolved "https://registry.yarnpkg.com/@babel/parser/-/parser-7.2.0.tgz#02d01dbc330b6cbf36b76ac93c50752c69027065"
  integrity sha512-M74+GvK4hn1eejD9lZ7967qAwvqTZayQa3g10ag4s9uewgR7TKjeaT0YMyoq+gVfKYABiWZ4MQD701/t5e1Jhg==

"@babel/template@^7.1.0", "@babel/template@^7.1.2":
  version "7.1.2"
  resolved "https://registry.yarnpkg.com/@babel/template/-/template-7.1.2.tgz#090484a574fef5a2d2d7726a674eceda5c5b5644"
  integrity sha512-SY1MmplssORfFiLDcOETrW7fCLl+PavlwMh92rrGcikQaRq4iWPVH0MpwPpY3etVMx6RnDjXtr6VZYr/IbP/Ag==
  dependencies:
    "@babel/code-frame" "^7.0.0"
    "@babel/parser" "^7.1.2"
    "@babel/types" "^7.1.2"

"@babel/traverse@^7.1.5", "@babel/traverse@^7.1.6":
  version "7.1.6"
  resolved "https://registry.yarnpkg.com/@babel/traverse/-/traverse-7.1.6.tgz#c8db9963ab4ce5b894222435482bd8ea854b7b5c"
  integrity sha512-CXedit6GpISz3sC2k2FsGCUpOhUqKdyL0lqNrImQojagnUMXf8hex4AxYFRuMkNGcvJX5QAFGzB5WJQmSv8SiQ==
  dependencies:
    "@babel/code-frame" "^7.0.0"
    "@babel/generator" "^7.1.6"
    "@babel/helper-function-name" "^7.1.0"
    "@babel/helper-split-export-declaration" "^7.0.0"
    "@babel/parser" "^7.1.6"
    "@babel/types" "^7.1.6"
    debug "^4.1.0"
    globals "^11.1.0"
    lodash "^4.17.10"

"@babel/types@^7.0.0", "@babel/types@^7.1.2", "@babel/types@^7.1.6", "@babel/types@^7.2.0":
  version "7.2.0"
  resolved "https://registry.yarnpkg.com/@babel/types/-/types-7.2.0.tgz#7941c5b2d8060e06f9601d6be7c223eef906d5d8"
  integrity sha512-b4v7dyfApuKDvmPb+O488UlGuR1WbwMXFsO/cyqMrnfvRAChZKJAYeeglWTjUO1b9UghKKgepAQM5tsvBJca6A==
  dependencies:
    esutils "^2.0.2"
    lodash "^4.17.10"
    to-fast-properties "^2.0.0"

"@comandeer/babel-plugin-banner@^4.0.0":
  version "4.1.0"
  resolved "https://registry.yarnpkg.com/@comandeer/babel-plugin-banner/-/babel-plugin-banner-4.1.0.tgz#5f9f22f3ba5a4e87d0c972c402f039c6eeffc079"
  integrity sha512-9hKVIN2+maygxkngnXDsZXRZqCYDY4pxIRljJqqJ5A+eJZzW3k/NZj5lixEmStjWFjlPlOHGYBytBehpf0l+hA==

"@types/estree@0.0.39":
  version "0.0.39"
  resolved "https://registry.yarnpkg.com/@types/estree/-/estree-0.0.39.tgz#e177e699ee1b8c22d23174caaa7422644389509f"
  integrity sha512-EYNwp3bU+98cpU4lAWYYL7Zz+2gryWH1qbdDTidVd6hkiR6weksdbMadyXKXNPEkQFhXM+hVO9ZygomHXp+AIw==

"@types/node@*":
  version "10.12.12"
  resolved "https://registry.yarnpkg.com/@types/node/-/node-10.12.12.tgz#e15a9d034d9210f00320ef718a50c4a799417c47"
  integrity sha512-Pr+6JRiKkfsFvmU/LK68oBRCQeEg36TyAbPhc2xpez24OOZZCuoIhWGTd39VZy6nGafSbxzGouFPTFD/rR1A0A==

ansi-styles@^3.2.1:
  version "3.2.1"
  resolved "https://registry.yarnpkg.com/ansi-styles/-/ansi-styles-3.2.1.tgz#41fbb20243e50b12be0f04b8dedbf07520ce841d"
  integrity sha512-VT0ZI6kZRdTh8YyJw3SMbYm/u+NqfsAxEpWO0Pf9sq8/e94WxxOpPKx9FR1FlyCtOVDNOQ+8ntlqFxiRc+r5qA==
  dependencies:
    color-convert "^1.9.0"

babel-helper-evaluate-path@^0.5.0:
  version "0.5.0"
  resolved "https://registry.yarnpkg.com/babel-helper-evaluate-path/-/babel-helper-evaluate-path-0.5.0.tgz#a62fa9c4e64ff7ea5cea9353174ef023a900a67c"
  integrity sha512-mUh0UhS607bGh5wUMAQfOpt2JX2ThXMtppHRdRU1kL7ZLRWIXxoV2UIV1r2cAeeNeU1M5SB5/RSUgUxrK8yOkA==

babel-helper-flip-expressions@^0.4.3:
  version "0.4.3"
  resolved "https://registry.yarnpkg.com/babel-helper-flip-expressions/-/babel-helper-flip-expressions-0.4.3.tgz#3696736a128ac18bc25254b5f40a22ceb3c1d3fd"
  integrity sha1-NpZzahKKwYvCUlS19AoizrPB0/0=

babel-helper-is-nodes-equiv@^0.0.1:
  version "0.0.1"
  resolved "https://registry.yarnpkg.com/babel-helper-is-nodes-equiv/-/babel-helper-is-nodes-equiv-0.0.1.tgz#34e9b300b1479ddd98ec77ea0bbe9342dfe39684"
  integrity sha1-NOmzALFHnd2Y7HfqC76TQt/jloQ=

babel-helper-is-void-0@^0.4.3:
  version "0.4.3"
  resolved "https://registry.yarnpkg.com/babel-helper-is-void-0/-/babel-helper-is-void-0-0.4.3.tgz#7d9c01b4561e7b95dbda0f6eee48f5b60e67313e"
  integrity sha1-fZwBtFYee5Xb2g9u7kj1tg5nMT4=

babel-helper-mark-eval-scopes@^0.4.3:
  version "0.4.3"
  resolved "https://registry.yarnpkg.com/babel-helper-mark-eval-scopes/-/babel-helper-mark-eval-scopes-0.4.3.tgz#d244a3bef9844872603ffb46e22ce8acdf551562"
  integrity sha1-0kSjvvmESHJgP/tG4izorN9VFWI=

babel-helper-remove-or-void@^0.4.3:
  version "0.4.3"
  resolved "https://registry.yarnpkg.com/babel-helper-remove-or-void/-/babel-helper-remove-or-void-0.4.3.tgz#a4f03b40077a0ffe88e45d07010dee241ff5ae60"
  integrity sha1-pPA7QAd6D/6I5F0HAQ3uJB/1rmA=

babel-helper-to-multiple-sequence-expressions@^0.5.0:
  version "0.5.0"
  resolved "https://registry.yarnpkg.com/babel-helper-to-multiple-sequence-expressions/-/babel-helper-to-multiple-sequence-expressions-0.5.0.tgz#a3f924e3561882d42fcf48907aa98f7979a4588d"
  integrity sha512-m2CvfDW4+1qfDdsrtf4dwOslQC3yhbgyBFptncp4wvtdrDHqueW7slsYv4gArie056phvQFhT2nRcGS4bnm6mA==

babel-plugin-minify-builtins@^0.5.0:
  version "0.5.0"
  resolved "https://registry.yarnpkg.com/babel-plugin-minify-builtins/-/babel-plugin-minify-builtins-0.5.0.tgz#31eb82ed1a0d0efdc31312f93b6e4741ce82c36b"
  integrity sha512-wpqbN7Ov5hsNwGdzuzvFcjgRlzbIeVv1gMIlICbPj0xkexnfoIDe7q+AZHMkQmAE/F9R5jkrB6TLfTegImlXag==

babel-plugin-minify-constant-folding@^0.5.0:
  version "0.5.0"
  resolved "https://registry.yarnpkg.com/babel-plugin-minify-constant-folding/-/babel-plugin-minify-constant-folding-0.5.0.tgz#f84bc8dbf6a561e5e350ff95ae216b0ad5515b6e"
  integrity sha512-Vj97CTn/lE9hR1D+jKUeHfNy+m1baNiJ1wJvoGyOBUx7F7kJqDZxr9nCHjO/Ad+irbR3HzR6jABpSSA29QsrXQ==
  dependencies:
    babel-helper-evaluate-path "^0.5.0"

babel-plugin-minify-dead-code-elimination@^0.5.0:
  version "0.5.0"
  resolved "https://registry.yarnpkg.com/babel-plugin-minify-dead-code-elimination/-/babel-plugin-minify-dead-code-elimination-0.5.0.tgz#d23ef5445238ad06e8addf5c1cf6aec835bcda87"
  integrity sha512-XQteBGXlgEoAKc/BhO6oafUdT4LBa7ARi55mxoyhLHNuA+RlzRmeMAfc31pb/UqU01wBzRc36YqHQzopnkd/6Q==
  dependencies:
    babel-helper-evaluate-path "^0.5.0"
    babel-helper-mark-eval-scopes "^0.4.3"
    babel-helper-remove-or-void "^0.4.3"
    lodash.some "^4.6.0"

babel-plugin-minify-flip-comparisons@^0.4.3:
  version "0.4.3"
  resolved "https://registry.yarnpkg.com/babel-plugin-minify-flip-comparisons/-/babel-plugin-minify-flip-comparisons-0.4.3.tgz#00ca870cb8f13b45c038b3c1ebc0f227293c965a"
  integrity sha1-AMqHDLjxO0XAOLPB68DyJyk8llo=
  dependencies:
    babel-helper-is-void-0 "^0.4.3"

babel-plugin-minify-guarded-expressions@^0.4.3:
  version "0.4.3"
  resolved "https://registry.yarnpkg.com/babel-plugin-minify-guarded-expressions/-/babel-plugin-minify-guarded-expressions-0.4.3.tgz#cc709b4453fd21b1f302877444c89f88427ce397"
  integrity sha1-zHCbRFP9IbHzAod0RMifiEJ845c=
  dependencies:
    babel-helper-flip-expressions "^0.4.3"

babel-plugin-minify-infinity@^0.4.3:
  version "0.4.3"
  resolved "https://registry.yarnpkg.com/babel-plugin-minify-infinity/-/babel-plugin-minify-infinity-0.4.3.tgz#dfb876a1b08a06576384ef3f92e653ba607b39ca"
  integrity sha1-37h2obCKBldjhO8/kuZTumB7Oco=

babel-plugin-minify-mangle-names@^0.5.0:
  version "0.5.0"
  resolved "https://registry.yarnpkg.com/babel-plugin-minify-mangle-names/-/babel-plugin-minify-mangle-names-0.5.0.tgz#bcddb507c91d2c99e138bd6b17a19c3c271e3fd3"
  integrity sha512-3jdNv6hCAw6fsX1p2wBGPfWuK69sfOjfd3zjUXkbq8McbohWy23tpXfy5RnToYWggvqzuMOwlId1PhyHOfgnGw==
  dependencies:
    babel-helper-mark-eval-scopes "^0.4.3"

babel-plugin-minify-numeric-literals@^0.4.3:
  version "0.4.3"
  resolved "https://registry.yarnpkg.com/babel-plugin-minify-numeric-literals/-/babel-plugin-minify-numeric-literals-0.4.3.tgz#8e4fd561c79f7801286ff60e8c5fd9deee93c0bc"
  integrity sha1-jk/VYcefeAEob/YOjF/Z3u6TwLw=

babel-plugin-minify-replace@^0.5.0:
  version "0.5.0"
  resolved "https://registry.yarnpkg.com/babel-plugin-minify-replace/-/babel-plugin-minify-replace-0.5.0.tgz#d3e2c9946c9096c070efc96761ce288ec5c3f71c"
  integrity sha512-aXZiaqWDNUbyNNNpWs/8NyST+oU7QTpK7J9zFEFSA0eOmtUNMU3fczlTTTlnCxHmq/jYNFEmkkSG3DDBtW3Y4Q==

babel-plugin-minify-simplify@^0.5.0:
  version "0.5.0"
  resolved "https://registry.yarnpkg.com/babel-plugin-minify-simplify/-/babel-plugin-minify-simplify-0.5.0.tgz#1f090018afb90d8b54d3d027fd8a4927f243da6f"
  integrity sha512-TM01J/YcKZ8XIQd1Z3nF2AdWHoDsarjtZ5fWPDksYZNsoOjQ2UO2EWm824Ym6sp127m44gPlLFiO5KFxU8pA5Q==
  dependencies:
    babel-helper-flip-expressions "^0.4.3"
    babel-helper-is-nodes-equiv "^0.0.1"
    babel-helper-to-multiple-sequence-expressions "^0.5.0"

babel-plugin-minify-type-constructors@^0.4.3:
  version "0.4.3"
  resolved "https://registry.yarnpkg.com/babel-plugin-minify-type-constructors/-/babel-plugin-minify-type-constructors-0.4.3.tgz#1bc6f15b87f7ab1085d42b330b717657a2156500"
  integrity sha1-G8bxW4f3qxCF1CszC3F2V6IVZQA=
  dependencies:
    babel-helper-is-void-0 "^0.4.3"

babel-plugin-transform-inline-consecutive-adds@^0.4.3:
  version "0.4.3"
  resolved "https://registry.yarnpkg.com/babel-plugin-transform-inline-consecutive-adds/-/babel-plugin-transform-inline-consecutive-adds-0.4.3.tgz#323d47a3ea63a83a7ac3c811ae8e6941faf2b0d1"
  integrity sha1-Mj1Ho+pjqDp6w8gRro5pQfrysNE=

babel-plugin-transform-member-expression-literals@^6.9.4:
  version "6.9.4"
  resolved "https://registry.yarnpkg.com/babel-plugin-transform-member-expression-literals/-/babel-plugin-transform-member-expression-literals-6.9.4.tgz#37039c9a0c3313a39495faac2ff3a6b5b9d038bf"
  integrity sha1-NwOcmgwzE6OUlfqsL/OmtbnQOL8=

babel-plugin-transform-merge-sibling-variables@^6.9.4:
  version "6.9.4"
  resolved "https://registry.yarnpkg.com/babel-plugin-transform-merge-sibling-variables/-/babel-plugin-transform-merge-sibling-variables-6.9.4.tgz#85b422fc3377b449c9d1cde44087203532401dae"
  integrity sha1-hbQi/DN3tEnJ0c3kQIcgNTJAHa4=

babel-plugin-transform-minify-booleans@^6.9.4:
  version "6.9.4"
  resolved "https://registry.yarnpkg.com/babel-plugin-transform-minify-booleans/-/babel-plugin-transform-minify-booleans-6.9.4.tgz#acbb3e56a3555dd23928e4b582d285162dd2b198"
  integrity sha1-rLs+VqNVXdI5KOS1gtKFFi3SsZg=

babel-plugin-transform-property-literals@^6.9.4:
  version "6.9.4"
  resolved "https://registry.yarnpkg.com/babel-plugin-transform-property-literals/-/babel-plugin-transform-property-literals-6.9.4.tgz#98c1d21e255736573f93ece54459f6ce24985d39"
  integrity sha1-mMHSHiVXNlc/k+zlRFn2ziSYXTk=
  dependencies:
    esutils "^2.0.2"

babel-plugin-transform-regexp-constructors@^0.4.3:
  version "0.4.3"
  resolved "https://registry.yarnpkg.com/babel-plugin-transform-regexp-constructors/-/babel-plugin-transform-regexp-constructors-0.4.3.tgz#58b7775b63afcf33328fae9a5f88fbd4fb0b4965"
  integrity sha1-WLd3W2OvzzMyj66aX4j71PsLSWU=

babel-plugin-transform-remove-console@^6.9.4:
  version "6.9.4"
  resolved "https://registry.yarnpkg.com/babel-plugin-transform-remove-console/-/babel-plugin-transform-remove-console-6.9.4.tgz#b980360c067384e24b357a588d807d3c83527780"
  integrity sha1-uYA2DAZzhOJLNXpYjYB9PINSd4A=

babel-plugin-transform-remove-debugger@^6.9.4:
  version "6.9.4"
  resolved "https://registry.yarnpkg.com/babel-plugin-transform-remove-debugger/-/babel-plugin-transform-remove-debugger-6.9.4.tgz#42b727631c97978e1eb2d199a7aec84a18339ef2"
  integrity sha1-QrcnYxyXl44estGZp67IShgznvI=

babel-plugin-transform-remove-undefined@^0.5.0:
  version "0.5.0"
  resolved "https://registry.yarnpkg.com/babel-plugin-transform-remove-undefined/-/babel-plugin-transform-remove-undefined-0.5.0.tgz#80208b31225766c630c97fa2d288952056ea22dd"
  integrity sha512-+M7fJYFaEE/M9CXa0/IRkDbiV3wRELzA1kKQFCJ4ifhrzLKn/9VCCgj9OFmYWwBd8IB48YdgPkHYtbYq+4vtHQ==
  dependencies:
    babel-helper-evaluate-path "^0.5.0"

babel-plugin-transform-simplify-comparison-operators@^6.9.4:
  version "6.9.4"
  resolved "https://registry.yarnpkg.com/babel-plugin-transform-simplify-comparison-operators/-/babel-plugin-transform-simplify-comparison-operators-6.9.4.tgz#f62afe096cab0e1f68a2d753fdf283888471ceb9"
  integrity sha1-9ir+CWyrDh9ootdT/fKDiIRxzrk=

babel-plugin-transform-undefined-to-void@^6.9.4:
  version "6.9.4"
  resolved "https://registry.yarnpkg.com/babel-plugin-transform-undefined-to-void/-/babel-plugin-transform-undefined-to-void-6.9.4.tgz#be241ca81404030678b748717322b89d0c8fe280"
  integrity sha1-viQcqBQEAwZ4t0hxcyK4nQyP4oA=

babel-preset-minify@^0.5.0:
  version "0.5.0"
  resolved "https://registry.yarnpkg.com/babel-preset-minify/-/babel-preset-minify-0.5.0.tgz#e25bb8d3590087af02b650967159a77c19bfb96b"
  integrity sha512-xj1s9Mon+RFubH569vrGCayA9Fm2GMsCgDRm1Jb8SgctOB7KFcrVc2o8K3YHUyMz+SWP8aea75BoS8YfsXXuiA==
  dependencies:
    babel-plugin-minify-builtins "^0.5.0"
    babel-plugin-minify-constant-folding "^0.5.0"
    babel-plugin-minify-dead-code-elimination "^0.5.0"
    babel-plugin-minify-flip-comparisons "^0.4.3"
    babel-plugin-minify-guarded-expressions "^0.4.3"
    babel-plugin-minify-infinity "^0.4.3"
    babel-plugin-minify-mangle-names "^0.5.0"
    babel-plugin-minify-numeric-literals "^0.4.3"
    babel-plugin-minify-replace "^0.5.0"
    babel-plugin-minify-simplify "^0.5.0"
    babel-plugin-minify-type-constructors "^0.4.3"
    babel-plugin-transform-inline-consecutive-adds "^0.4.3"
    babel-plugin-transform-member-expression-literals "^6.9.4"
    babel-plugin-transform-merge-sibling-variables "^6.9.4"
    babel-plugin-transform-minify-booleans "^6.9.4"
    babel-plugin-transform-property-literals "^6.9.4"
    babel-plugin-transform-regexp-constructors "^0.4.3"
    babel-plugin-transform-remove-console "^6.9.4"
    babel-plugin-transform-remove-debugger "^6.9.4"
    babel-plugin-transform-remove-undefined "^0.5.0"
    babel-plugin-transform-simplify-comparison-operators "^6.9.4"
    babel-plugin-transform-undefined-to-void "^6.9.4"
    lodash.isplainobject "^4.0.6"

chalk@^2.0.0:
  version "2.4.1"
  resolved "https://registry.yarnpkg.com/chalk/-/chalk-2.4.1.tgz#18c49ab16a037b6eb0152cc83e3471338215b66e"
  integrity sha512-ObN6h1v2fTJSmUXoS3nMQ92LbDK9be4TV+6G+omQlGJFdcUX5heKi1LZ1YnRMIgwTLEj3E24bT6tYni50rlCfQ==
  dependencies:
    ansi-styles "^3.2.1"
    escape-string-regexp "^1.0.5"
    supports-color "^5.3.0"

color-convert@^1.9.0:
  version "1.9.3"
  resolved "https://registry.yarnpkg.com/color-convert/-/color-convert-1.9.3.tgz#bb71850690e1f136567de629d2d5471deda4c1e8"
  integrity sha512-QfAUtd+vFdAtFQcC8CCyYt1fYWxSqAiK2cSD6zDB8N3cpsEBAvRxp9zOGg6G/SHHJYAT88/az/IuDGALsNVbGg==
  dependencies:
    color-name "1.1.3"

color-name@1.1.3:
  version "1.1.3"
  resolved "https://registry.yarnpkg.com/color-name/-/color-name-1.1.3.tgz#a7d0558bd89c42f795dd42328f740831ca53bc25"
  integrity sha1-p9BVi9icQveV3UIyj3QIMcpTvCU=

convert-source-map@^1.1.0:
  version "1.6.0"
  resolved "https://registry.yarnpkg.com/convert-source-map/-/convert-source-map-1.6.0.tgz#51b537a8c43e0f04dec1993bffcdd504e758ac20"
  integrity sha512-eFu7XigvxdZ1ETfbgPBohgyQ/Z++C0eEhTor0qRwBw9unw+L0/6V8wkSuGgzdThkiS5lSpdptOQPD8Ak40a+7A==
  dependencies:
    safe-buffer "~5.1.1"

debug@^4.1.0:
  version "4.1.0"
  resolved "https://registry.yarnpkg.com/debug/-/debug-4.1.0.tgz#373687bffa678b38b1cd91f861b63850035ddc87"
  integrity sha512-heNPJUJIqC+xB6ayLAMHaIrmN9HKa7aQO8MGqKpvCA+uJYVcvR6l5kgdrhRuwPFHU7P5/A1w0BjByPHwpfTDKg==
  dependencies:
    ms "^2.1.1"

escape-string-regexp@^1.0.5:
  version "1.0.5"
  resolved "https://registry.yarnpkg.com/escape-string-regexp/-/escape-string-regexp-1.0.5.tgz#1b61c0562190a8dff6ae3bb2cf0200ca130b86d4"
  integrity sha1-G2HAViGQqN/2rjuyzwIAyhMLhtQ=

esutils@^2.0.2:
  version "2.0.2"
  resolved "https://registry.yarnpkg.com/esutils/-/esutils-2.0.2.tgz#0abf4f1caa5bcb1f7a9d8acc6dea4faaa04bac9b"
  integrity sha1-Cr9PHKpbyx96nYrMbepPqqBLrJs=

globals@^11.1.0:
  version "11.9.0"
  resolved "https://registry.yarnpkg.com/globals/-/globals-11.9.0.tgz#bde236808e987f290768a93d065060d78e6ab249"
  integrity sha512-5cJVtyXWH8PiJPVLZzzoIizXx944O4OmRro5MWKx5fT4MgcN7OfaMutPeaTdJCCURwbWdhhcCWcKIffPnmTzBg==

has-flag@^3.0.0:
  version "3.0.0"
  resolved "https://registry.yarnpkg.com/has-flag/-/has-flag-3.0.0.tgz#b5d454dc2199ae225699f3467e5a07f3b955bafd"
  integrity sha1-tdRU3CGZriJWmfNGfloH87lVuv0=

js-tokens@^4.0.0:
  version "4.0.0"
  resolved "https://registry.yarnpkg.com/js-tokens/-/js-tokens-4.0.0.tgz#19203fb59991df98e3a287050d4647cdeaf32499"
  integrity sha512-RdJUflcE3cUzKiMqQgsCu06FPu9UdIJO0beYbPhHN4k6apgJtifcoCtT9bcxOpYBtpD2kCM6Sbzg4CausW/PKQ==

jsesc@^2.5.1:
  version "2.5.2"
  resolved "https://registry.yarnpkg.com/jsesc/-/jsesc-2.5.2.tgz#80564d2e483dacf6e8ef209650a67df3f0c283a4"
  integrity sha512-OYu7XEzjkCQ3C5Ps3QIZsQfNpqoJyZZA99wd9aWd05NCtC5pWOkShK2mkL6HXQR6/Cy2lbNdPlZBpuQHXE63gA==

json5@^2.1.0:
  version "2.1.0"
  resolved "https://registry.yarnpkg.com/json5/-/json5-2.1.0.tgz#e7a0c62c48285c628d20a10b85c89bb807c32850"
  integrity sha512-8Mh9h6xViijj36g7Dxi+Y4S6hNGV96vcJZr/SrlHh1LR/pEn/8j/+qIBbs44YKl69Lrfctp4QD+AdWLTMqEZAQ==
  dependencies:
    minimist "^1.2.0"

lodash.isplainobject@^4.0.6:
  version "4.0.6"
  resolved "https://registry.yarnpkg.com/lodash.isplainobject/-/lodash.isplainobject-4.0.6.tgz#7c526a52d89b45c45cc690b88163be0497f550cb"
  integrity sha1-fFJqUtibRcRcxpC4gWO+BJf1UMs=

lodash.some@^4.6.0:
  version "4.6.0"
  resolved "https://registry.yarnpkg.com/lodash.some/-/lodash.some-4.6.0.tgz#1bb9f314ef6b8baded13b549169b2a945eb68e4d"
  integrity sha1-G7nzFO9ri63tE7VJFpsqlF62jk0=

lodash@^4.17.10:
  version "4.17.11"
  resolved "https://registry.yarnpkg.com/lodash/-/lodash-4.17.11.tgz#b39ea6229ef607ecd89e2c8df12536891cac9b8d"
  integrity sha512-cQKh8igo5QUhZ7lg38DYWAxMvjSAKG0A8wGSVimP07SIUEK2UO+arSRKbRZWtelMtN5V0Hkwh5ryOto/SshYIg==

minimist@^1.2.0:
  version "1.2.0"
  resolved "https://registry.yarnpkg.com/minimist/-/minimist-1.2.0.tgz#a35008b20f41383eec1fb914f4cd5df79a264284"
  integrity sha1-o1AIsg9BOD7sH7kU9M1d95omQoQ=

ms@^2.1.1:
  version "2.1.1"
  resolved "https://registry.yarnpkg.com/ms/-/ms-2.1.1.tgz#30a5864eb3ebb0a66f2ebe6d727af06a09d86e0a"
  integrity sha512-tgp+dl5cGk28utYktBsrFqA7HKgrhgPsg6Z/EfhWI4gl1Hwq8B/GmY/0oXZ6nF8hDVesS/FpnYaD/kOWhYQvyg==

path-parse@^1.0.5:
  version "1.0.6"
  resolved "https://registry.yarnpkg.com/path-parse/-/path-parse-1.0.6.tgz#d62dbb5679405d72c4737ec58600e9ddcf06d24c"
  integrity sha512-GSmOT2EbHrINBf9SR7CDELwlJ8AENk3Qn7OikK4nFYAu3Ote2+JYNVvkpAEQm3/TLNEJFD/xZJjzyxg3KBWOzw==

resolve@^1.3.2:
  version "1.8.1"
  resolved "https://registry.yarnpkg.com/resolve/-/resolve-1.8.1.tgz#82f1ec19a423ac1fbd080b0bab06ba36e84a7a26"
  integrity sha512-AicPrAC7Qu1JxPCZ9ZgCZlY35QgFnNqc+0LtbRNxnVw4TXvjQ72wnuL9JQcEBgXkI9JM8MsT9kaQoHcpCRJOYA==
  dependencies:
    path-parse "^1.0.5"

rollup-plugin-babel-minify@^6.2.0:
  version "6.2.0"
  resolved "https://registry.yarnpkg.com/rollup-plugin-babel-minify/-/rollup-plugin-babel-minify-6.2.0.tgz#d101fa6c1ff79c67b2af91632a87284bf1bd7f8b"
  integrity sha512-Ahil4nyB97OSoMTqm8qDyuL8e3NU1juDDdTC3Tuy00DvCLJmuX7OVrfEhGVJtguh/D1aO2t/2pe59/dzT/k4mw==
  dependencies:
    "@babel/core" "^7.0.0"
    "@comandeer/babel-plugin-banner" "^4.0.0"
    babel-preset-minify "^0.5.0"
    sourcemap-codec "^1.4.3"

rollup@^0.67.4:
  version "0.67.4"
  resolved "https://registry.yarnpkg.com/rollup/-/rollup-0.67.4.tgz#8ed6b0993337f84ec8a0387f824fa6c197e833ec"
  integrity sha512-AVuP73mkb4BBMUmksQ3Jw0jTrBTU1i7rLiUYjFxLZGb3xiFmtVEg40oByphkZAsiL0bJC3hRAJUQos/e5EBd+w==
  dependencies:
    "@types/estree" "0.0.39"
    "@types/node" "*"

safe-buffer@~5.1.1:
  version "5.1.2"
  resolved "https://registry.yarnpkg.com/safe-buffer/-/safe-buffer-5.1.2.tgz#991ec69d296e0313747d59bdfd2b745c35f8828d"
  integrity sha512-Gd2UZBJDkXlY7GbJxfsE8/nvKkUEU1G38c1siN6QP6a9PT9MmHB8GnpscSmMJSoF8LOIrt8ud/wPtojys4G6+g==

semver@^5.4.1:
  version "5.6.0"
  resolved "https://registry.yarnpkg.com/semver/-/semver-5.6.0.tgz#7e74256fbaa49c75aa7c7a205cc22799cac80004"
  integrity sha512-RS9R6R35NYgQn++fkDWaOmqGoj4Ek9gGs+DPxNUZKuwE183xjJroKvyo1IzVFeXvUrvmALy6FWD5xrdJT25gMg==

source-map@^0.5.0:
  version "0.5.7"
  resolved "https://registry.yarnpkg.com/source-map/-/source-map-0.5.7.tgz#8a039d2d1021d22d1ea14c80d8ea468ba2ef3fcc"
  integrity sha1-igOdLRAh0i0eoUyA2OpGi6LvP8w=

sourcemap-codec@^1.4.3:
  version "1.4.4"
  resolved "https://registry.yarnpkg.com/sourcemap-codec/-/sourcemap-codec-1.4.4.tgz#c63ea927c029dd6bd9a2b7fa03b3fec02ad56e9f"
  integrity sha512-CYAPYdBu34781kLHkaW3m6b/uUSyMOC2R61gcYMWooeuaGtjof86ZA/8T+qVPPt7np1085CR9hmMGrySwEc8Xg==

supports-color@^5.3.0:
  version "5.5.0"
  resolved "https://registry.yarnpkg.com/supports-color/-/supports-color-5.5.0.tgz#e2e69a44ac8772f78a1ec0b35b689df6530efc8f"
  integrity sha512-QjVjwdXIt408MIiAqCX4oUKsgU2EqAGzs2Ppkm4aQYbjm+ZEWEcW4SfFNTr4uMNZma0ey4f5lgLrkB0aX0QMow==
  dependencies:
    has-flag "^3.0.0"

to-fast-properties@^2.0.0:
  version "2.0.0"
  resolved "https://registry.yarnpkg.com/to-fast-properties/-/to-fast-properties-2.0.0.tgz#dc5e698cbd079265bc73e0377681a4e4e83f616e"
  integrity sha1-3F5pjL0HkmW8c+A3doGk5Og/YW4=

trim-right@^1.0.1:
  version "1.0.1"
  resolved "https://registry.yarnpkg.com/trim-right/-/trim-right-1.0.1.tgz#cb2e1203067e0c8de1f614094b9fe45704ea6003"
  integrity sha1-yy4SAwZ+DI3h9hQJS5/kVwTqYAM=
