# THIS IS AN AUTOGENERATED FILE. DO NOT EDIT THIS FILE DIRECTLY.
# yarn lockfile v1


"@babel/code-frame@^7.8.3":
  version "7.8.3"
  resolved "https://registry.yarnpkg.com/@babel/code-frame/-/code-frame-7.8.3.tgz#33e25903d7481181534e12ec0a25f16b6fcf419e"
  integrity sha512-a9gxpmdXtZEInkCSHUJDLHZVBgb1QS0jhss4cPP93EW7s+uC5bikET2twEF3KV+7rDblJcmNvTR7VJejqd2C2g==
  dependencies:
    "@babel/highlight" "^7.8.3"

"@babel/core@^7.0.0":
  version "7.8.4"
  resolved "https://registry.yarnpkg.com/@babel/core/-/core-7.8.4.tgz#d496799e5c12195b3602d0fddd77294e3e38e80e"
  integrity sha512-0LiLrB2PwrVI+a2/IEskBopDYSd8BCb3rOvH7D5tzoWd696TBEduBvuLVm4Nx6rltrLZqvI3MCalB2K2aVzQjA==
  dependencies:
    "@babel/code-frame" "^7.8.3"
    "@babel/generator" "^7.8.4"
    "@babel/helpers" "^7.8.4"
    "@babel/parser" "^7.8.4"
    "@babel/template" "^7.8.3"
    "@babel/traverse" "^7.8.4"
    "@babel/types" "^7.8.3"
    convert-source-map "^1.7.0"
    debug "^4.1.0"
    gensync "^1.0.0-beta.1"
    json5 "^2.1.0"
    lodash "^4.17.13"
    resolve "^1.3.2"
    semver "^5.4.1"
    source-map "^0.5.0"

"@babel/generator@^7.8.4":
  version "7.8.4"
  resolved "https://registry.yarnpkg.com/@babel/generator/-/generator-7.8.4.tgz#35bbc74486956fe4251829f9f6c48330e8d0985e"
  integrity sha512-PwhclGdRpNAf3IxZb0YVuITPZmmrXz9zf6fH8lT4XbrmfQKr6ryBzhv593P5C6poJRciFCL/eHGW2NuGrgEyxA==
  dependencies:
    "@babel/types" "^7.8.3"
    jsesc "^2.5.1"
    lodash "^4.17.13"
    source-map "^0.5.0"

"@babel/helper-function-name@^7.8.3":
  version "7.8.3"
  resolved "https://registry.yarnpkg.com/@babel/helper-function-name/-/helper-function-name-7.8.3.tgz#eeeb665a01b1f11068e9fb86ad56a1cb1a824cca"
  integrity sha512-BCxgX1BC2hD/oBlIFUgOCQDOPV8nSINxCwM3o93xP4P9Fq6aV5sgv2cOOITDMtCfQ+3PvHp3l689XZvAM9QyOA==
  dependencies:
    "@babel/helper-get-function-arity" "^7.8.3"
    "@babel/template" "^7.8.3"
    "@babel/types" "^7.8.3"

"@babel/helper-get-function-arity@^7.8.3":
  version "7.8.3"
  resolved "https://registry.yarnpkg.com/@babel/helper-get-function-arity/-/helper-get-function-arity-7.8.3.tgz#b894b947bd004381ce63ea1db9f08547e920abd5"
  integrity sha512-FVDR+Gd9iLjUMY1fzE2SR0IuaJToR4RkCDARVfsBBPSP53GEqSFjD8gNyxg246VUyc/ALRxFaAK8rVG7UT7xRA==
  dependencies:
    "@babel/types" "^7.8.3"

"@babel/helper-split-export-declaration@^7.8.3":
  version "7.8.3"
  resolved "https://registry.yarnpkg.com/@babel/helper-split-export-declaration/-/helper-split-export-declaration-7.8.3.tgz#31a9f30070f91368a7182cf05f831781065fc7a9"
  integrity sha512-3x3yOeyBhW851hroze7ElzdkeRXQYQbFIb7gLK1WQYsw2GWDay5gAJNw1sWJ0VFP6z5J1whqeXH/WCdCjZv6dA==
  dependencies:
    "@babel/types" "^7.8.3"

"@babel/helpers@^7.8.4":
  version "7.8.4"
  resolved "https://registry.yarnpkg.com/@babel/helpers/-/helpers-7.8.4.tgz#754eb3ee727c165e0a240d6c207de7c455f36f73"
  integrity sha512-VPbe7wcQ4chu4TDQjimHv/5tj73qz88o12EPkO2ValS2QiQS/1F2SsjyIGNnAD0vF/nZS6Cf9i+vW6HIlnaR8w==
  dependencies:
    "@babel/template" "^7.8.3"
    "@babel/traverse" "^7.8.4"
    "@babel/types" "^7.8.3"

"@babel/highlight@^7.8.3":
  version "7.8.3"
  resolved "https://registry.yarnpkg.com/@babel/highlight/-/highlight-7.8.3.tgz#28f173d04223eaaa59bc1d439a3836e6d1265797"
  integrity sha512-PX4y5xQUvy0fnEVHrYOarRPXVWafSjTW9T0Hab8gVIawpl2Sj0ORyrygANq+KjcNlSSTw0YCLSNA8OyZ1I4yEg==
  dependencies:
    chalk "^2.0.0"
    esutils "^2.0.2"
    js-tokens "^4.0.0"

"@babel/parser@^7.8.3", "@babel/parser@^7.8.4":
  version "7.8.4"
  resolved "https://registry.yarnpkg.com/@babel/parser/-/parser-7.8.4.tgz#d1dbe64691d60358a974295fa53da074dd2ce8e8"
  integrity sha512-0fKu/QqildpXmPVaRBoXOlyBb3MC+J0A66x97qEfLOMkn3u6nfY5esWogQwi/K0BjASYy4DbnsEWnpNL6qT5Mw==

"@babel/template@^7.8.3":
  version "7.8.3"
  resolved "https://registry.yarnpkg.com/@babel/template/-/template-7.8.3.tgz#e02ad04fe262a657809327f578056ca15fd4d1b8"
  integrity sha512-04m87AcQgAFdvuoyiQ2kgELr2tV8B4fP/xJAVUL3Yb3bkNdMedD3d0rlSQr3PegP0cms3eHjl1F7PWlvWbU8FQ==
  dependencies:
    "@babel/code-frame" "^7.8.3"
    "@babel/parser" "^7.8.3"
    "@babel/types" "^7.8.3"

"@babel/traverse@^7.8.4":
  version "7.8.4"
  resolved "https://registry.yarnpkg.com/@babel/traverse/-/traverse-7.8.4.tgz#f0845822365f9d5b0e312ed3959d3f827f869e3c"
  integrity sha512-NGLJPZwnVEyBPLI+bl9y9aSnxMhsKz42so7ApAv9D+b4vAFPpY013FTS9LdKxcABoIYFU52HcYga1pPlx454mg==
  dependencies:
    "@babel/code-frame" "^7.8.3"
    "@babel/generator" "^7.8.4"
    "@babel/helper-function-name" "^7.8.3"
    "@babel/helper-split-export-declaration" "^7.8.3"
    "@babel/parser" "^7.8.4"
    "@babel/types" "^7.8.3"
    debug "^4.1.0"
    globals "^11.1.0"
    lodash "^4.17.13"

"@babel/types@^7.8.3":
  version "7.8.3"
  resolved "https://registry.yarnpkg.com/@babel/types/-/types-7.8.3.tgz#5a383dffa5416db1b73dedffd311ffd0788fb31c"
  integrity sha512-jBD+G8+LWpMBBWvVcdr4QysjUE4mU/syrhN17o1u3gx0/WzJB1kwiVZAXRtWbsIPOwW8pF/YJV5+nmetPzepXg==
  dependencies:
    esutils "^2.0.2"
    lodash "^4.17.13"
    to-fast-properties "^2.0.0"

"@comandeer/babel-plugin-banner@^4.0.0":
  version "4.1.0"
  resolved "https://registry.yarnpkg.com/@comandeer/babel-plugin-banner/-/babel-plugin-banner-4.1.0.tgz#5f9f22f3ba5a4e87d0c972c402f039c6eeffc079"
  integrity sha512-9hKVIN2+maygxkngnXDsZXRZqCYDY4pxIRljJqqJ5A+eJZzW3k/NZj5lixEmStjWFjlPlOHGYBytBehpf0l+hA==

"@types/estree@0.0.39":
  version "0.0.39"
  resolved "https://registry.yarnpkg.com/@types/estree/-/estree-0.0.39.tgz#e177e699ee1b8c22d23174caaa7422644389509f"
  integrity sha512-EYNwp3bU+98cpU4lAWYYL7Zz+2gryWH1qbdDTidVd6hkiR6weksdbMadyXKXNPEkQFhXM+hVO9ZygomHXp+AIw==

"@types/node@*":
  version "13.7.2"
  resolved "https://registry.yarnpkg.com/@types/node/-/node-13.7.2.tgz#50375b95b5845a34efda2ffb3a087c7becbc46c6"
  integrity sha512-uvilvAQbdJvnSBFcKJ2td4016urcGvsiR+N4dHGU87ml8O2Vl6l+ErOi9w0kXSPiwJ1AYlIW+0pDXDWWMOiWbw==

ansi-styles@^3.2.1:
  version "3.2.1"
  resolved "https://registry.yarnpkg.com/ansi-styles/-/ansi-styles-3.2.1.tgz#41fbb20243e50b12be0f04b8dedbf07520ce841d"
  integrity sha512-VT0ZI6kZRdTh8YyJw3SMbYm/u+NqfsAxEpWO0Pf9sq8/e94WxxOpPKx9FR1FlyCtOVDNOQ+8ntlqFxiRc+r5qA==
  dependencies:
    color-convert "^1.9.0"

babel-helper-evaluate-path@^0.5.0:
  version "0.5.0"
  resolved "https://registry.yarnpkg.com/babel-helper-evaluate-path/-/babel-helper-evaluate-path-0.5.0.tgz#a62fa9c4e64ff7ea5cea9353174ef023a900a67c"
  integrity sha512-mUh0UhS607bGh5wUMAQfOpt2JX2ThXMtppHRdRU1kL7ZLRWIXxoV2UIV1r2cAeeNeU1M5SB5/RSUgUxrK8yOkA==

babel-helper-flip-expressions@^0.4.3:
  version "0.4.3"
  resolved "https://registry.yarnpkg.com/babel-helper-flip-expressions/-/babel-helper-flip-expressions-0.4.3.tgz#3696736a128ac18bc25254b5f40a22ceb3c1d3fd"
  integrity sha1-NpZzahKKwYvCUlS19AoizrPB0/0=

babel-helper-is-nodes-equiv@^0.0.1:
  version "0.0.1"
  resolved "https://registry.yarnpkg.com/babel-helper-is-nodes-equiv/-/babel-helper-is-nodes-equiv-0.0.1.tgz#34e9b300b1479ddd98ec77ea0bbe9342dfe39684"
  integrity sha1-NOmzALFHnd2Y7HfqC76TQt/jloQ=

babel-helper-is-void-0@^0.4.3:
  version "0.4.3"
  resolved "https://registry.yarnpkg.com/babel-helper-is-void-0/-/babel-helper-is-void-0-0.4.3.tgz#7d9c01b4561e7b95dbda0f6eee48f5b60e67313e"
  integrity sha1-fZwBtFYee5Xb2g9u7kj1tg5nMT4=

babel-helper-mark-eval-scopes@^0.4.3:
  version "0.4.3"
  resolved "https://registry.yarnpkg.com/babel-helper-mark-eval-scopes/-/babel-helper-mark-eval-scopes-0.4.3.tgz#d244a3bef9844872603ffb46e22ce8acdf551562"
  integrity sha1-0kSjvvmESHJgP/tG4izorN9VFWI=

babel-helper-remove-or-void@^0.4.3:
  version "0.4.3"
  resolved "https://registry.yarnpkg.com/babel-helper-remove-or-void/-/babel-helper-remove-or-void-0.4.3.tgz#a4f03b40077a0ffe88e45d07010dee241ff5ae60"
  integrity sha1-pPA7QAd6D/6I5F0HAQ3uJB/1rmA=

babel-helper-to-multiple-sequence-expressions@^0.5.0:
  version "0.5.0"
  resolved "https://registry.yarnpkg.com/babel-helper-to-multiple-sequence-expressions/-/babel-helper-to-multiple-sequence-expressions-0.5.0.tgz#a3f924e3561882d42fcf48907aa98f7979a4588d"
  integrity sha512-m2CvfDW4+1qfDdsrtf4dwOslQC3yhbgyBFptncp4wvtdrDHqueW7slsYv4gArie056phvQFhT2nRcGS4bnm6mA==

babel-plugin-minify-builtins@^0.5.0:
  version "0.5.0"
  resolved "https://registry.yarnpkg.com/babel-plugin-minify-builtins/-/babel-plugin-minify-builtins-0.5.0.tgz#31eb82ed1a0d0efdc31312f93b6e4741ce82c36b"
  integrity sha512-wpqbN7Ov5hsNwGdzuzvFcjgRlzbIeVv1gMIlICbPj0xkexnfoIDe7q+AZHMkQmAE/F9R5jkrB6TLfTegImlXag==

babel-plugin-minify-constant-folding@^0.5.0:
  version "0.5.0"
  resolved "https://registry.yarnpkg.com/babel-plugin-minify-constant-folding/-/babel-plugin-minify-constant-folding-0.5.0.tgz#f84bc8dbf6a561e5e350ff95ae216b0ad5515b6e"
  integrity sha512-Vj97CTn/lE9hR1D+jKUeHfNy+m1baNiJ1wJvoGyOBUx7F7kJqDZxr9nCHjO/Ad+irbR3HzR6jABpSSA29QsrXQ==
  dependencies:
    babel-helper-evaluate-path "^0.5.0"

babel-plugin-minify-dead-code-elimination@^0.5.1:
  version "0.5.1"
  resolved "https://registry.yarnpkg.com/babel-plugin-minify-dead-code-elimination/-/babel-plugin-minify-dead-code-elimination-0.5.1.tgz#1a0c68e44be30de4976ca69ffc535e08be13683f"
  integrity sha512-x8OJOZIrRmQBcSqxBcLbMIK8uPmTvNWPXH2bh5MDCW1latEqYiRMuUkPImKcfpo59pTUB2FT7HfcgtG8ZlR5Qg==
  dependencies:
    babel-helper-evaluate-path "^0.5.0"
    babel-helper-mark-eval-scopes "^0.4.3"
    babel-helper-remove-or-void "^0.4.3"
    lodash "^4.17.11"

babel-plugin-minify-flip-comparisons@^0.4.3:
  version "0.4.3"
  resolved "https://registry.yarnpkg.com/babel-plugin-minify-flip-comparisons/-/babel-plugin-minify-flip-comparisons-0.4.3.tgz#00ca870cb8f13b45c038b3c1ebc0f227293c965a"
  integrity sha1-AMqHDLjxO0XAOLPB68DyJyk8llo=
  dependencies:
    babel-helper-is-void-0 "^0.4.3"

babel-plugin-minify-guarded-expressions@^0.4.4:
  version "0.4.4"
  resolved "https://registry.yarnpkg.com/babel-plugin-minify-guarded-expressions/-/babel-plugin-minify-guarded-expressions-0.4.4.tgz#818960f64cc08aee9d6c75bec6da974c4d621135"
  integrity sha512-RMv0tM72YuPPfLT9QLr3ix9nwUIq+sHT6z8Iu3sLbqldzC1Dls8DPCywzUIzkTx9Zh1hWX4q/m9BPoPed9GOfA==
  dependencies:
    babel-helper-evaluate-path "^0.5.0"
    babel-helper-flip-expressions "^0.4.3"

babel-plugin-minify-infinity@^0.4.3:
  version "0.4.3"
  resolved "https://registry.yarnpkg.com/babel-plugin-minify-infinity/-/babel-plugin-minify-infinity-0.4.3.tgz#dfb876a1b08a06576384ef3f92e653ba607b39ca"
  integrity sha1-37h2obCKBldjhO8/kuZTumB7Oco=

babel-plugin-minify-mangle-names@^0.5.0:
  version "0.5.0"
  resolved "https://registry.yarnpkg.com/babel-plugin-minify-mangle-names/-/babel-plugin-minify-mangle-names-0.5.0.tgz#bcddb507c91d2c99e138bd6b17a19c3c271e3fd3"
  integrity sha512-3jdNv6hCAw6fsX1p2wBGPfWuK69sfOjfd3zjUXkbq8McbohWy23tpXfy5RnToYWggvqzuMOwlId1PhyHOfgnGw==
  dependencies:
    babel-helper-mark-eval-scopes "^0.4.3"

babel-plugin-minify-numeric-literals@^0.4.3:
  version "0.4.3"
  resolved "https://registry.yarnpkg.com/babel-plugin-minify-numeric-literals/-/babel-plugin-minify-numeric-literals-0.4.3.tgz#8e4fd561c79f7801286ff60e8c5fd9deee93c0bc"
  integrity sha1-jk/VYcefeAEob/YOjF/Z3u6TwLw=

babel-plugin-minify-replace@^0.5.0:
  version "0.5.0"
  resolved "https://registry.yarnpkg.com/babel-plugin-minify-replace/-/babel-plugin-minify-replace-0.5.0.tgz#d3e2c9946c9096c070efc96761ce288ec5c3f71c"
  integrity sha512-aXZiaqWDNUbyNNNpWs/8NyST+oU7QTpK7J9zFEFSA0eOmtUNMU3fczlTTTlnCxHmq/jYNFEmkkSG3DDBtW3Y4Q==

babel-plugin-minify-simplify@^0.5.1:
  version "0.5.1"
  resolved "https://registry.yarnpkg.com/babel-plugin-minify-simplify/-/babel-plugin-minify-simplify-0.5.1.tgz#f21613c8b95af3450a2ca71502fdbd91793c8d6a"
  integrity sha512-OSYDSnoCxP2cYDMk9gxNAed6uJDiDz65zgL6h8d3tm8qXIagWGMLWhqysT6DY3Vs7Fgq7YUDcjOomhVUb+xX6A==
  dependencies:
    babel-helper-evaluate-path "^0.5.0"
    babel-helper-flip-expressions "^0.4.3"
    babel-helper-is-nodes-equiv "^0.0.1"
    babel-helper-to-multiple-sequence-expressions "^0.5.0"

babel-plugin-minify-type-constructors@^0.4.3:
  version "0.4.3"
  resolved "https://registry.yarnpkg.com/babel-plugin-minify-type-constructors/-/babel-plugin-minify-type-constructors-0.4.3.tgz#1bc6f15b87f7ab1085d42b330b717657a2156500"
  integrity sha1-G8bxW4f3qxCF1CszC3F2V6IVZQA=
  dependencies:
    babel-helper-is-void-0 "^0.4.3"

babel-plugin-transform-inline-consecutive-adds@^0.4.3:
  version "0.4.3"
  resolved "https://registry.yarnpkg.com/babel-plugin-transform-inline-consecutive-adds/-/babel-plugin-transform-inline-consecutive-adds-0.4.3.tgz#323d47a3ea63a83a7ac3c811ae8e6941faf2b0d1"
  integrity sha1-Mj1Ho+pjqDp6w8gRro5pQfrysNE=

babel-plugin-transform-member-expression-literals@^6.9.4:
  version "6.9.4"
  resolved "https://registry.yarnpkg.com/babel-plugin-transform-member-expression-literals/-/babel-plugin-transform-member-expression-literals-6.9.4.tgz#37039c9a0c3313a39495faac2ff3a6b5b9d038bf"
  integrity sha1-NwOcmgwzE6OUlfqsL/OmtbnQOL8=

babel-plugin-transform-merge-sibling-variables@^6.9.4:
  version "6.9.4"
  resolved "https://registry.yarnpkg.com/babel-plugin-transform-merge-sibling-variables/-/babel-plugin-transform-merge-sibling-variables-6.9.4.tgz#85b422fc3377b449c9d1cde44087203532401dae"
  integrity sha1-hbQi/DN3tEnJ0c3kQIcgNTJAHa4=

babel-plugin-transform-minify-booleans@^6.9.4:
  version "6.9.4"
  resolved "https://registry.yarnpkg.com/babel-plugin-transform-minify-booleans/-/babel-plugin-transform-minify-booleans-6.9.4.tgz#acbb3e56a3555dd23928e4b582d285162dd2b198"
  integrity sha1-rLs+VqNVXdI5KOS1gtKFFi3SsZg=

babel-plugin-transform-property-literals@^6.9.4:
  version "6.9.4"
  resolved "https://registry.yarnpkg.com/babel-plugin-transform-property-literals/-/babel-plugin-transform-property-literals-6.9.4.tgz#98c1d21e255736573f93ece54459f6ce24985d39"
  integrity sha1-mMHSHiVXNlc/k+zlRFn2ziSYXTk=
  dependencies:
    esutils "^2.0.2"

babel-plugin-transform-regexp-constructors@^0.4.3:
  version "0.4.3"
  resolved "https://registry.yarnpkg.com/babel-plugin-transform-regexp-constructors/-/babel-plugin-transform-regexp-constructors-0.4.3.tgz#58b7775b63afcf33328fae9a5f88fbd4fb0b4965"
  integrity sha1-WLd3W2OvzzMyj66aX4j71PsLSWU=

babel-plugin-transform-remove-console@^6.9.4:
  version "6.9.4"
  resolved "https://registry.yarnpkg.com/babel-plugin-transform-remove-console/-/babel-plugin-transform-remove-console-6.9.4.tgz#b980360c067384e24b357a588d807d3c83527780"
  integrity sha1-uYA2DAZzhOJLNXpYjYB9PINSd4A=

babel-plugin-transform-remove-debugger@^6.9.4:
  version "6.9.4"
  resolved "https://registry.yarnpkg.com/babel-plugin-transform-remove-debugger/-/babel-plugin-transform-remove-debugger-6.9.4.tgz#42b727631c97978e1eb2d199a7aec84a18339ef2"
  integrity sha1-QrcnYxyXl44estGZp67IShgznvI=

babel-plugin-transform-remove-undefined@^0.5.0:
  version "0.5.0"
  resolved "https://registry.yarnpkg.com/babel-plugin-transform-remove-undefined/-/babel-plugin-transform-remove-undefined-0.5.0.tgz#80208b31225766c630c97fa2d288952056ea22dd"
  integrity sha512-+M7fJYFaEE/M9CXa0/IRkDbiV3wRELzA1kKQFCJ4ifhrzLKn/9VCCgj9OFmYWwBd8IB48YdgPkHYtbYq+4vtHQ==
  dependencies:
    babel-helper-evaluate-path "^0.5.0"

babel-plugin-transform-simplify-comparison-operators@^6.9.4:
  version "6.9.4"
  resolved "https://registry.yarnpkg.com/babel-plugin-transform-simplify-comparison-operators/-/babel-plugin-transform-simplify-comparison-operators-6.9.4.tgz#f62afe096cab0e1f68a2d753fdf283888471ceb9"
  integrity sha1-9ir+CWyrDh9ootdT/fKDiIRxzrk=

babel-plugin-transform-undefined-to-void@^6.9.4:
  version "6.9.4"
  resolved "https://registry.yarnpkg.com/babel-plugin-transform-undefined-to-void/-/babel-plugin-transform-undefined-to-void-6.9.4.tgz#be241ca81404030678b748717322b89d0c8fe280"
  integrity sha1-viQcqBQEAwZ4t0hxcyK4nQyP4oA=

babel-preset-minify@^0.5.0:
  version "0.5.1"
  resolved "https://registry.yarnpkg.com/babel-preset-minify/-/babel-preset-minify-0.5.1.tgz#25f5d0bce36ec818be80338d0e594106e21eaa9f"
  integrity sha512-1IajDumYOAPYImkHbrKeiN5AKKP9iOmRoO2IPbIuVp0j2iuCcj0n7P260z38siKMZZ+85d3mJZdtW8IgOv+Tzg==
  dependencies:
    babel-plugin-minify-builtins "^0.5.0"
    babel-plugin-minify-constant-folding "^0.5.0"
    babel-plugin-minify-dead-code-elimination "^0.5.1"
    babel-plugin-minify-flip-comparisons "^0.4.3"
    babel-plugin-minify-guarded-expressions "^0.4.4"
    babel-plugin-minify-infinity "^0.4.3"
    babel-plugin-minify-mangle-names "^0.5.0"
    babel-plugin-minify-numeric-literals "^0.4.3"
    babel-plugin-minify-replace "^0.5.0"
    babel-plugin-minify-simplify "^0.5.1"
    babel-plugin-minify-type-constructors "^0.4.3"
    babel-plugin-transform-inline-consecutive-adds "^0.4.3"
    babel-plugin-transform-member-expression-literals "^6.9.4"
    babel-plugin-transform-merge-sibling-variables "^6.9.4"
    babel-plugin-transform-minify-booleans "^6.9.4"
    babel-plugin-transform-property-literals "^6.9.4"
    babel-plugin-transform-regexp-constructors "^0.4.3"
    babel-plugin-transform-remove-console "^6.9.4"
    babel-plugin-transform-remove-debugger "^6.9.4"
    babel-plugin-transform-remove-undefined "^0.5.0"
    babel-plugin-transform-simplify-comparison-operators "^6.9.4"
    babel-plugin-transform-undefined-to-void "^6.9.4"
    lodash "^4.17.11"

chalk@^2.0.0:
  version "2.4.2"
  resolved "https://registry.yarnpkg.com/chalk/-/chalk-2.4.2.tgz#cd42541677a54333cf541a49108c1432b44c9424"
  integrity sha512-Mti+f9lpJNcwF4tWV8/OrTTtF1gZi+f8FqlyAdouralcFWFQWF2+NgCHShjkCb+IFBLq9buZwE1xckQU4peSuQ==
  dependencies:
    ansi-styles "^3.2.1"
    escape-string-regexp "^1.0.5"
    supports-color "^5.3.0"

color-convert@^1.9.0:
  version "1.9.3"
  resolved "https://registry.yarnpkg.com/color-convert/-/color-convert-1.9.3.tgz#bb71850690e1f136567de629d2d5471deda4c1e8"
  integrity sha512-QfAUtd+vFdAtFQcC8CCyYt1fYWxSqAiK2cSD6zDB8N3cpsEBAvRxp9zOGg6G/SHHJYAT88/az/IuDGALsNVbGg==
  dependencies:
    color-name "1.1.3"

color-name@1.1.3:
  version "1.1.3"
  resolved "https://registry.yarnpkg.com/color-name/-/color-name-1.1.3.tgz#a7d0558bd89c42f795dd42328f740831ca53bc25"
  integrity sha1-p9BVi9icQveV3UIyj3QIMcpTvCU=

convert-source-map@^1.7.0:
  version "1.7.0"
  resolved "https://registry.yarnpkg.com/convert-source-map/-/convert-source-map-1.7.0.tgz#17a2cb882d7f77d3490585e2ce6c524424a3a442"
  integrity sha512-4FJkXzKXEDB1snCFZlLP4gpC3JILicCpGbzG9f9G7tGqGCzETQ2hWPrcinA9oU4wtf2biUaEH5065UnMeR33oA==
  dependencies:
    safe-buffer "~5.1.1"

debug@^4.1.0:
  version "4.1.1"
  resolved "https://registry.yarnpkg.com/debug/-/debug-4.1.1.tgz#3b72260255109c6b589cee050f1d516139664791"
  integrity sha512-pYAIzeRo8J6KPEaJ0VWOh5Pzkbw/RetuzehGM7QRRX5he4fPHx2rdKMB256ehJCkX+XRQm16eZLqLNS8RSZXZw==
  dependencies:
    ms "^2.1.1"

escape-string-regexp@^1.0.5:
  version "1.0.5"
  resolved "https://registry.yarnpkg.com/escape-string-regexp/-/escape-string-regexp-1.0.5.tgz#1b61c0562190a8dff6ae3bb2cf0200ca130b86d4"
  integrity sha1-G2HAViGQqN/2rjuyzwIAyhMLhtQ=

esutils@^2.0.2:
  version "2.0.3"
  resolved "https://registry.yarnpkg.com/esutils/-/esutils-2.0.3.tgz#74d2eb4de0b8da1293711910d50775b9b710ef64"
  integrity sha512-kVscqXk4OCp68SZ0dkgEKVi6/8ij300KBWTJq32P/dYeWTSwK41WyTxalN1eRmA5Z9UU/LX9D7FWSmV9SAYx6g==

gensync@^1.0.0-beta.1:
  version "1.0.0-beta.1"
  resolved "https://registry.yarnpkg.com/gensync/-/gensync-1.0.0-beta.1.tgz#58f4361ff987e5ff6e1e7a210827aa371eaac269"
  integrity sha512-r8EC6NO1sngH/zdD9fiRDLdcgnbayXah+mLgManTaIZJqEC1MZstmnox8KpnI2/fxQwrp5OpCOYWLp4rBl4Jcg==

globals@^11.1.0:
  version "11.12.0"
  resolved "https://registry.yarnpkg.com/globals/-/globals-11.12.0.tgz#ab8795338868a0babd8525758018c2a7eb95c42e"
  integrity sha512-WOBp/EEGUiIsJSp7wcv/y6MO+lV9UoncWqxuFfm8eBwzWNgyfBd6Gz+IeKQ9jCmyhoH99g15M3T+QaVHFjizVA==

has-flag@^3.0.0:
  version "3.0.0"
  resolved "https://registry.yarnpkg.com/has-flag/-/has-flag-3.0.0.tgz#b5d454dc2199ae225699f3467e5a07f3b955bafd"
  integrity sha1-tdRU3CGZriJWmfNGfloH87lVuv0=

js-tokens@^4.0.0:
  version "4.0.0"
  resolved "https://registry.yarnpkg.com/js-tokens/-/js-tokens-4.0.0.tgz#19203fb59991df98e3a287050d4647cdeaf32499"
  integrity sha512-RdJUflcE3cUzKiMqQgsCu06FPu9UdIJO0beYbPhHN4k6apgJtifcoCtT9bcxOpYBtpD2kCM6Sbzg4CausW/PKQ==

jsesc@^2.5.1:
  version "2.5.2"
  resolved "https://registry.yarnpkg.com/jsesc/-/jsesc-2.5.2.tgz#80564d2e483dacf6e8ef209650a67df3f0c283a4"
  integrity sha512-OYu7XEzjkCQ3C5Ps3QIZsQfNpqoJyZZA99wd9aWd05NCtC5pWOkShK2mkL6HXQR6/Cy2lbNdPlZBpuQHXE63gA==

json5@^2.1.0:
  version "2.1.1"
  resolved "https://registry.yarnpkg.com/json5/-/json5-2.1.1.tgz#81b6cb04e9ba496f1c7005d07b4368a2638f90b6"
  integrity sha512-l+3HXD0GEI3huGq1njuqtzYK8OYJyXMkOLtQ53pjWh89tvWS2h6l+1zMkYWqlb57+SiQodKZyvMEFb2X+KrFhQ==
  dependencies:
    minimist "^1.2.0"

lodash@^4.17.11, lodash@^4.17.13:
  version "4.17.15"
  resolved "https://registry.yarnpkg.com/lodash/-/lodash-4.17.15.tgz#b447f6670a0455bbfeedd11392eff330ea097548"
  integrity sha512-8xOcRHvCjnocdS5cpwXQXVzmmh5e5+saE2QGoeQmbKmRS6J3VQppPOIt0MnmE+4xlZoumy0GPG0D0MVIQbNA1A==

minimist@^1.2.0:
  version "1.2.0"
  resolved "https://registry.yarnpkg.com/minimist/-/minimist-1.2.0.tgz#a35008b20f41383eec1fb914f4cd5df79a264284"
  integrity sha1-o1AIsg9BOD7sH7kU9M1d95omQoQ=

ms@^2.1.1:
  version "2.1.2"
  resolved "https://registry.yarnpkg.com/ms/-/ms-2.1.2.tgz#d09d1f357b443f493382a8eb3ccd183872ae6009"
  integrity sha512-sGkPx+VjMtmA6MX27oA4FBFELFCZZ4S4XqeGOXCv68tT+jb3vk/RyaKWP0PTKyWtmLSM0b+adUTEvbs1PEaH2w==

path-parse@^1.0.6:
  version "1.0.6"
  resolved "https://registry.yarnpkg.com/path-parse/-/path-parse-1.0.6.tgz#d62dbb5679405d72c4737ec58600e9ddcf06d24c"
  integrity sha512-GSmOT2EbHrINBf9SR7CDELwlJ8AENk3Qn7OikK4nFYAu3Ote2+JYNVvkpAEQm3/TLNEJFD/xZJjzyxg3KBWOzw==

resolve@^1.3.2:
  version "1.15.1"
  resolved "https://registry.yarnpkg.com/resolve/-/resolve-1.15.1.tgz#27bdcdeffeaf2d6244b95bb0f9f4b4653451f3e8"
  integrity sha512-84oo6ZTtoTUpjgNEr5SJyzQhzL72gaRodsSfyxC/AXRvwu0Yse9H8eF9IpGo7b8YetZhlI6v7ZQ6bKBFV/6S7w==
  dependencies:
    path-parse "^1.0.6"

rollup-plugin-babel-minify@^6.2.0:
  version "6.2.0"
  resolved "https://registry.yarnpkg.com/rollup-plugin-babel-minify/-/rollup-plugin-babel-minify-6.2.0.tgz#d101fa6c1ff79c67b2af91632a87284bf1bd7f8b"
  integrity sha512-Ahil4nyB97OSoMTqm8qDyuL8e3NU1juDDdTC3Tuy00DvCLJmuX7OVrfEhGVJtguh/D1aO2t/2pe59/dzT/k4mw==
  dependencies:
    "@babel/core" "^7.0.0"
    "@comandeer/babel-plugin-banner" "^4.0.0"
    babel-preset-minify "^0.5.0"
    sourcemap-codec "^1.4.3"

rollup@^0.67.4:
  version "0.67.4"
  resolved "https://registry.yarnpkg.com/rollup/-/rollup-0.67.4.tgz#8ed6b0993337f84ec8a0387f824fa6c197e833ec"
  integrity sha512-AVuP73mkb4BBMUmksQ3Jw0jTrBTU1i7rLiUYjFxLZGb3xiFmtVEg40oByphkZAsiL0bJC3hRAJUQos/e5EBd+w==
  dependencies:
    "@types/estree" "0.0.39"
    "@types/node" "*"

safe-buffer@~5.1.1:
  version "5.1.2"
  resolved "https://registry.yarnpkg.com/safe-buffer/-/safe-buffer-5.1.2.tgz#991ec69d296e0313747d59bdfd2b745c35f8828d"
  integrity sha512-Gd2UZBJDkXlY7GbJxfsE8/nvKkUEU1G38c1siN6QP6a9PT9MmHB8GnpscSmMJSoF8LOIrt8ud/wPtojys4G6+g==

semver@^5.4.1:
  version "5.7.1"
  resolved "https://registry.yarnpkg.com/semver/-/semver-5.7.1.tgz#a954f931aeba508d307bbf069eff0c01c96116f7"
  integrity sha512-sauaDf/PZdVgrLTNYHRtpXa1iRiKcaebiKQ1BJdpQlWH2lCvexQdX55snPFyK7QzpudqbCI0qXFfOasHdyNDGQ==

source-map@^0.5.0:
  version "0.5.7"
  resolved "https://registry.yarnpkg.com/source-map/-/source-map-0.5.7.tgz#8a039d2d1021d22d1ea14c80d8ea468ba2ef3fcc"
  integrity sha1-igOdLRAh0i0eoUyA2OpGi6LvP8w=

sourcemap-codec@^1.4.3:
  version "1.4.8"
  resolved "https://registry.yarnpkg.com/sourcemap-codec/-/sourcemap-codec-1.4.8.tgz#ea804bd94857402e6992d05a38ef1ae35a9ab4c4"
  integrity sha512-9NykojV5Uih4lgo5So5dtw+f0JgJX30KCNI8gwhz2J9A15wD0Ml6tjHKwf6fTSa6fAdVBdZeNOs9eJ71qCk8vA==

supports-color@^5.3.0:
  version "5.5.0"
  resolved "https://registry.yarnpkg.com/supports-color/-/supports-color-5.5.0.tgz#e2e69a44ac8772f78a1ec0b35b689df6530efc8f"
  integrity sha512-QjVjwdXIt408MIiAqCX4oUKsgU2EqAGzs2Ppkm4aQYbjm+ZEWEcW4SfFNTr4uMNZma0ey4f5lgLrkB0aX0QMow==
  dependencies:
    has-flag "^3.0.0"

to-fast-properties@^2.0.0:
  version "2.0.0"
  resolved "https://registry.yarnpkg.com/to-fast-properties/-/to-fast-properties-2.0.0.tgz#dc5e698cbd079265bc73e0377681a4e4e83f616e"
  integrity sha1-3F5pjL0HkmW8c+A3doGk5Og/YW4=
